// !$*UTF8*$!
{
	archiveVersion = 1;
	classes = {
	};
	objectVersion = 48;
	objects = {

/* Begin PBXBuildFile section */
		88AA74D1202AD0250015D1B6 /* AppDelegate.m in Sources */ = {isa = PBXBuildFile; fileRef = 88AA74D0202AD0250015D1B6 /* AppDelegate.m */; };
		88AA74D4202AD0250015D1B6 /* ViewController.m in Sources */ = {isa = PBXBuildFile; fileRef = 88AA74D3202AD0250015D1B6 /* ViewController.m */; };
		88AA74D7202AD0250015D1B6 /* Main.storyboard in Resources */ = {isa = PBXBuildFile; fileRef = 88AA74D5202AD0250015D1B6 /* Main.storyboard */; };
		88AA74D9202AD0250015D1B6 /* Assets.xcassets in Resources */ = {isa = PBXBuildFile; fileRef = 88AA74D8202AD0250015D1B6 /* Assets.xcassets */; };
		88AA74DC202AD0250015D1B6 /* LaunchScreen.storyboard in Resources */ = {isa = PBXBuildFile; fileRef = 88AA74DA202AD0250015D1B6 /* LaunchScreen.storyboard */; };
		88AA74DF202AD0250015D1B6 /* main.m in Sources */ = {isa = PBXBuildFile; fileRef = 88AA74DE202AD0250015D1B6 /* main.m */; };
		88AA7500202ADE820015D1B6 /* VideoViewController.m in Sources */ = {isa = PBXBuildFile; fileRef = 88AA74FF202ADE820015D1B6 /* VideoViewController.m */; };
		88AA7503202ADE9F0015D1B6 /* ScienceViewController.m in Sources */ = {isa = PBXBuildFile; fileRef = 88AA7502202ADE9F0015D1B6 /* ScienceViewController.m */; };
		88AA7506202ADEB70015D1B6 /* SocietyViewController.m in Sources */ = {isa = PBXBuildFile; fileRef = 88AA7505202ADEB70015D1B6 /* SocietyViewController.m */; };
		88AA7509202ADED00015D1B6 /* SubscribeViewController.m in Sources */ = {isa = PBXBuildFile; fileRef = 88AA7508202ADED00015D1B6 /* SubscribeViewController.m */; };
		88AA750C202ADEE40015D1B6 /* HeadlineViewController.m in Sources */ = {isa = PBXBuildFile; fileRef = 88AA750B202ADEE40015D1B6 /* HeadlineViewController.m */; };
		88AA750F202ADEF80015D1B6 /* HotspotViewController.m in Sources */ = {isa = PBXBuildFile; fileRef = 88AA750E202ADEF80015D1B6 /* HotspotViewController.m */; };
/* End PBXBuildFile section */

/* Begin PBXFileReference section */
		88AA74CC202AD0250015D1B6 /* NewsHD.app */ = {isa = PBXFileReference; explicitFileType = wrapper.application; includeInIndex = 0; path = NewsHD.app; sourceTree = BUILT_PRODUCTS_DIR; };
		88AA74CF202AD0250015D1B6 /* AppDelegate.h */ = {isa = PBXFileReference; lastKnownFileType = sourcecode.c.h; path = AppDelegate.h; sourceTree = "<group>"; };
		88AA74D0202AD0250015D1B6 /* AppDelegate.m */ = {isa = PBXFileReference; lastKnownFileType = sourcecode.c.objc; path = AppDelegate.m; sourceTree = "<group>"; };
		88AA74D2202AD0250015D1B6 /* ViewController.h */ = {isa = PBXFileReference; lastKnownFileType = sourcecode.c.h; path = ViewController.h; sourceTree = "<group>"; };
		88AA74D3202AD0250015D1B6 /* ViewController.m */ = {isa = PBXFileReference; lastKnownFileType = sourcecode.c.objc; path = ViewController.m; sourceTree = "<group>"; };
		88AA74D6202AD0250015D1B6 /* Base */ = {isa = PBXFileReference; lastKnownFileType = file.storyboard; name = Base; path = Base.lproj/Main.storyboard; sourceTree = "<group>"; };
		88AA74D8202AD0250015D1B6 /* Assets.xcassets */ = {isa = PBXFileReference; lastKnownFileType = folder.assetcatalog; path = Assets.xcassets; sourceTree = "<group>"; };
		88AA74DB202AD0250015D1B6 /* Base */ = {isa = PBXFileReference; lastKnownFileType = file.storyboard; name = Base; path = Base.lproj/LaunchScreen.storyboard; sourceTree = "<group>"; };
		88AA74DD202AD0250015D1B6 /* Info.plist */ = {isa = PBXFileReference; lastKnownFileType = text.plist.xml; path = Info.plist; sourceTree = "<group>"; };
		88AA74DE202AD0250015D1B6 /* main.m */ = {isa = PBXFileReference; lastKnownFileType = sourcecode.c.objc; path = main.m; sourceTree = "<group>"; };
		88AA74FE202ADE820015D1B6 /* VideoViewController.h */ = {isa = PBXFileReference; lastKnownFileType = sourcecode.c.h; path = VideoViewController.h; sourceTree = "<group>"; };
		88AA74FF202ADE820015D1B6 /* VideoViewController.m */ = {isa = PBXFileReference; lastKnownFileType = sourcecode.c.objc; path = VideoViewController.m; sourceTree = "<group>"; };
		88AA7501202ADE9F0015D1B6 /* ScienceViewController.h */ = {isa = PBXFileReference; lastKnownFileType = sourcecode.c.h; path = ScienceViewController.h; sourceTree = "<group>"; };
		88AA7502202ADE9F0015D1B6 /* ScienceViewController.m */ = {isa = PBXFileReference; lastKnownFileType = sourcecode.c.objc; path = ScienceViewController.m; sourceTree = "<group>"; };
		88AA7504202ADEB70015D1B6 /* SocietyViewController.h */ = {isa = PBXFileReference; lastKnownFileType = sourcecode.c.h; path = SocietyViewController.h; sourceTree = "<group>"; };
		88AA7505202ADEB70015D1B6 /* SocietyViewController.m */ = {isa = PBXFileReference; lastKnownFileType = sourcecode.c.objc; path = SocietyViewController.m; sourceTree = "<group>"; };
		88AA7507202ADED00015D1B6 /* SubscribeViewController.h */ = {isa = PBXFileReference; lastKnownFileType = sourcecode.c.h; path = SubscribeViewController.h; sourceTree = "<group>"; };
		88AA7508202ADED00015D1B6 /* SubscribeViewController.m */ = {isa = PBXFileReference; lastKnownFileType = sourcecode.c.objc; path = SubscribeViewController.m; sourceTree = "<group>"; };
		88AA750A202ADEE40015D1B6 /* HeadlineViewController.h */ = {isa = PBXFileReference; lastKnownFileType = sourcecode.c.h; path = HeadlineViewController.h; sourceTree = "<group>"; };
		88AA750B202ADEE40015D1B6 /* HeadlineViewController.m */ = {isa = PBXFileReference; lastKnownFileType = sourcecode.c.objc; path = HeadlineViewController.m; sourceTree = "<group>"; };
		88AA750D202ADEF80015D1B6 /* HotspotViewController.h */ = {isa = PBXFileReference; lastKnownFileType = sourcecode.c.h; path = HotspotViewController.h; sourceTree = "<group>"; };
		88AA750E202ADEF80015D1B6 /* HotspotViewController.m */ = {isa = PBXFileReference; lastKnownFileType = sourcecode.c.objc; path = HotspotViewController.m; sourceTree = "<group>"; };
/* End PBXFileReference section */

/* Begin PBXFrameworksBuildPhase section */
		88AA74C9202AD0250015D1B6 /* Frameworks */ = {
			isa = PBXFrameworksBuildPhase;
			buildActionMask = 2147483647;
			files = (
			);
			runOnlyForDeploymentPostprocessing = 0;
		};
/* End PBXFrameworksBuildPhase section */

/* Begin PBXGroup section */
		88AA74C3202AD0250015D1B6 = {
			isa = PBXGroup;
			children = (
				88AA74CE202AD0250015D1B6 /* NewsHD */,
				88AA74CD202AD0250015D1B6 /* Products */,
			);
			sourceTree = "<group>";
		};
		88AA74CD202AD0250015D1B6 /* Products */ = {
			isa = PBXGroup;
			children = (
				88AA74CC202AD0250015D1B6 /* NewsHD.app */,
			);
			name = Products;
			sourceTree = "<group>";
		};
		88AA74CE202AD0250015D1B6 /* NewsHD */ = {
			isa = PBXGroup;
			children = (
				88AA74E5202ADE5B0015D1B6 /* Main */,
				88AA74CF202AD0250015D1B6 /* AppDelegate.h */,
				88AA74D0202AD0250015D1B6 /* AppDelegate.m */,
				88AA74D2202AD0250015D1B6 /* ViewController.h */,
				88AA74D3202AD0250015D1B6 /* ViewController.m */,
				88AA74D5202AD0250015D1B6 /* Main.storyboard */,
				88AA74D8202AD0250015D1B6 /* Assets.xcassets */,
				88AA74DA202AD0250015D1B6 /* LaunchScreen.storyboard */,
				88AA74DD202AD0250015D1B6 /* Info.plist */,
				88AA74DE202AD0250015D1B6 /* main.m */,
			);
			path = NewsHD;
			sourceTree = "<group>";
		};
		88AA74E5202ADE5B0015D1B6 /* Main */ = {
			isa = PBXGroup;
			children = (
				88AA74E6202ADE5B0015D1B6 /* Video-视频 */,
				88AA74EA202ADE5B0015D1B6 /* Science-科技 */,
				88AA74EE202ADE5B0015D1B6 /* Society-社会 */,
				88AA74F2202ADE5B0015D1B6 /* Headline-头条 */,
				88AA74F6202ADE5B0015D1B6 /* Subscribe-订阅 */,
				88AA74FA202ADE5B0015D1B6 /* Hotspot-热点 */,
			);
			path = Main;
			sourceTree = "<group>";
		};
		88AA74E6202ADE5B0015D1B6 /* Video-视频 */ = {
			isa = PBXGroup;
			children = (
				88AA74E7202ADE5B0015D1B6 /* Controller */,
				88AA74E8202ADE5B0015D1B6 /* Model */,
				88AA74E9202ADE5B0015D1B6 /* View */,
			);
			path = "Video-视频";
			sourceTree = "<group>";
		};
		88AA74E7202ADE5B0015D1B6 /* Controller */ = {
			isa = PBXGroup;
			children = (
				88AA74FE202ADE820015D1B6 /* VideoViewController.h */,
				88AA74FF202ADE820015D1B6 /* VideoViewController.m */,
			);
			path = Controller;
			sourceTree = "<group>";
		};
		88AA74E8202ADE5B0015D1B6 /* Model */ = {
			isa = PBXGroup;
			children = (
			);
			path = Model;
			sourceTree = "<group>";
		};
		88AA74E9202ADE5B0015D1B6 /* View */ = {
			isa = PBXGroup;
			children = (
			);
			path = View;
			sourceTree = "<group>";
		};
		88AA74EA202ADE5B0015D1B6 /* Science-科技 */ = {
			isa = PBXGroup;
			children = (
				88AA74EB202ADE5B0015D1B6 /* Controller */,
				88AA74EC202ADE5B0015D1B6 /* Model */,
				88AA74ED202ADE5B0015D1B6 /* View */,
			);
			path = "Science-科技";
			sourceTree = "<group>";
		};
		88AA74EB202ADE5B0015D1B6 /* Controller */ = {
			isa = PBXGroup;
			children = (
				88AA7501202ADE9F0015D1B6 /* ScienceViewController.h */,
				88AA7502202ADE9F0015D1B6 /* ScienceViewController.m */,
			);
			path = Controller;
			sourceTree = "<group>";
		};
		88AA74EC202ADE5B0015D1B6 /* Model */ = {
			isa = PBXGroup;
			children = (
			);
			path = Model;
			sourceTree = "<group>";
		};
		88AA74ED202ADE5B0015D1B6 /* View */ = {
			isa = PBXGroup;
			children = (
			);
			path = View;
			sourceTree = "<group>";
		};
		88AA74EE202ADE5B0015D1B6 /* Society-社会 */ = {
			isa = PBXGroup;
			children = (
				88AA74EF202ADE5B0015D1B6 /* Controller */,
				88AA74F0202ADE5B0015D1B6 /* Model */,
				88AA74F1202ADE5B0015D1B6 /* View */,
			);
			path = "Society-社会";
			sourceTree = "<group>";
		};
		88AA74EF202ADE5B0015D1B6 /* Controller */ = {
			isa = PBXGroup;
			children = (
				88AA7504202ADEB70015D1B6 /* SocietyViewController.h */,
				88AA7505202ADEB70015D1B6 /* SocietyViewController.m */,
			);
			path = Controller;
			sourceTree = "<group>";
		};
		88AA74F0202ADE5B0015D1B6 /* Model */ = {
			isa = PBXGroup;
			children = (
			);
			path = Model;
			sourceTree = "<group>";
		};
		88AA74F1202ADE5B0015D1B6 /* View */ = {
			isa = PBXGroup;
			children = (
			);
			path = View;
			sourceTree = "<group>";
		};
		88AA74F2202ADE5B0015D1B6 /* Headline-头条 */ = {
			isa = PBXGroup;
			children = (
				88AA74F3202ADE5B0015D1B6 /* Controller */,
				88AA74F4202ADE5B0015D1B6 /* Model */,
				88AA74F5202ADE5B0015D1B6 /* View */,
			);
			path = "Headline-头条";
			sourceTree = "<group>";
		};
		88AA74F3202ADE5B0015D1B6 /* Controller */ = {
			isa = PBXGroup;
			children = (
				88AA750A202ADEE40015D1B6 /* HeadlineViewController.h */,
				88AA750B202ADEE40015D1B6 /* HeadlineViewController.m */,
			);
			path = Controller;
			sourceTree = "<group>";
		};
		88AA74F4202ADE5B0015D1B6 /* Model */ = {
			isa = PBXGroup;
			children = (
			);
			path = Model;
			sourceTree = "<group>";
		};
		88AA74F5202ADE5B0015D1B6 /* View */ = {
			isa = PBXGroup;
			children = (
			);
			path = View;
			sourceTree = "<group>";
		};
		88AA74F6202ADE5B0015D1B6 /* Subscribe-订阅 */ = {
			isa = PBXGroup;
			children = (
				88AA74F7202ADE5B0015D1B6 /* Controller */,
				88AA74F8202ADE5B0015D1B6 /* Model */,
				88AA74F9202ADE5B0015D1B6 /* View */,
			);
			path = "Subscribe-订阅";
			sourceTree = "<group>";
		};
		88AA74F7202ADE5B0015D1B6 /* Controller */ = {
			isa = PBXGroup;
			children = (
				88AA7507202ADED00015D1B6 /* SubscribeViewController.h */,
				88AA7508202ADED00015D1B6 /* SubscribeViewController.m */,
			);
			path = Controller;
			sourceTree = "<group>";
		};
		88AA74F8202ADE5B0015D1B6 /* Model */ = {
			isa = PBXGroup;
			children = (
			);
			path = Model;
			sourceTree = "<group>";
		};
		88AA74F9202ADE5B0015D1B6 /* View */ = {
			isa = PBXGroup;
			children = (
			);
			path = View;
			sourceTree = "<group>";
		};
		88AA74FA202ADE5B0015D1B6 /* Hotspot-热点 */ = {
			isa = PBXGroup;
			children = (
				88AA74FB202ADE5B0015D1B6 /* Controller */,
				88AA74FC202ADE5B0015D1B6 /* Model */,
				88AA74FD202ADE5B0015D1B6 /* View */,
			);
			path = "Hotspot-热点";
			sourceTree = "<group>";
		};
		88AA74FB202ADE5B0015D1B6 /* Controller */ = {
			isa = PBXGroup;
			children = (
				88AA750D202ADEF80015D1B6 /* HotspotViewController.h */,
				88AA750E202ADEF80015D1B6 /* HotspotViewController.m */,
			);
			path = Controller;
			sourceTree = "<group>";
		};
		88AA74FC202ADE5B0015D1B6 /* Model */ = {
			isa = PBXGroup;
			children = (
			);
			path = Model;
			sourceTree = "<group>";
		};
		88AA74FD202ADE5B0015D1B6 /* View */ = {
			isa = PBXGroup;
			children = (
			);
			path = View;
			sourceTree = "<group>";
		};
/* End PBXGroup section */

/* Begin PBXNativeTarget section */
		88AA74CB202AD0250015D1B6 /* NewsHD */ = {
			isa = PBXNativeTarget;
			buildConfigurationList = 88AA74E2202AD0250015D1B6 /* Build configuration list for PBXNativeTarget "NewsHD" */;
			buildPhases = (
				88AA74C8202AD0250015D1B6 /* Sources */,
				88AA74C9202AD0250015D1B6 /* Frameworks */,
				88AA74CA202AD0250015D1B6 /* Resources */,
			);
			buildRules = (
			);
			dependencies = (
			);
			name = NewsHD;
			productName = NewsHD;
			productReference = 88AA74CC202AD0250015D1B6 /* NewsHD.app */;
			productType = "com.apple.product-type.application";
		};
/* End PBXNativeTarget section */

/* Begin PBXProject section */
		88AA74C4202AD0250015D1B6 /* Project object */ = {
			isa = PBXProject;
			attributes = {
				LastUpgradeCheck = 0910;
				ORGANIZATIONNAME = Fsociety;
				TargetAttributes = {
					88AA74CB202AD0250015D1B6 = {
						CreatedOnToolsVersion = 9.1;
						ProvisioningStyle = Automatic;
					};
				};
			};
			buildConfigurationList = 88AA74C7202AD0250015D1B6 /* Build configuration list for PBXProject "NewsHD" */;
			compatibilityVersion = "Xcode 8.0";
			developmentRegion = en;
			hasScannedForEncodings = 0;
			knownRegions = (
				en,
				Base,
			);
			mainGroup = 88AA74C3202AD0250015D1B6;
			productRefGroup = 88AA74CD202AD0250015D1B6 /* Products */;
			projectDirPath = "";
			projectRoot = "";
			targets = (
				88AA74CB202AD0250015D1B6 /* NewsHD */,
			);
		};
/* End PBXProject section */

/* Begin PBXResourcesBuildPhase section */
		88AA74CA202AD0250015D1B6 /* Resources */ = {
			isa = PBXResourcesBuildPhase;
			buildActionMask = 2147483647;
			files = (
				88AA74DC202AD0250015D1B6 /* LaunchScreen.storyboard in Resources */,
				88AA74D9202AD0250015D1B6 /* Assets.xcassets in Resources */,
				88AA74D7202AD0250015D1B6 /* Main.storyboard in Resources */,
			);
			runOnlyForDeploymentPostprocessing = 0;
		};
/* End PBXResourcesBuildPhase section */

/* Begin PBXSourcesBuildPhase section */
		88AA74C8202AD0250015D1B6 /* Sources */ = {
			isa = PBXSourcesBuildPhase;
			buildActionMask = 2147483647;
			files = (
				88AA74D4202AD0250015D1B6 /* ViewController.m in Sources */,
				88AA7503202ADE9F0015D1B6 /* ScienceViewController.m in Sources */,
				88AA7509202ADED00015D1B6 /* SubscribeViewController.m in Sources */,
				88AA74DF202AD0250015D1B6 /* main.m in Sources */,
				88AA750C202ADEE40015D1B6 /* HeadlineViewController.m in Sources */,
				88AA750F202ADEF80015D1B6 /* HotspotViewController.m in Sources */,
				88AA7506202ADEB70015D1B6 /* SocietyViewController.m in Sources */,
				88AA7500202ADE820015D1B6 /* VideoViewController.m in Sources */,
				88AA74D1202AD0250015D1B6 /* AppDelegate.m in Sources */,
			);
			runOnlyForDeploymentPostprocessing = 0;
		};
/* End PBXSourcesBuildPhase section */

/* Begin PBXVariantGroup section */
		88AA74D5202AD0250015D1B6 /* Main.storyboard */ = {
			isa = PBXVariantGroup;
			children = (
				88AA74D6202AD0250015D1B6 /* Base */,
			);
			name = Main.storyboard;
			sourceTree = "<group>";
		};
		88AA74DA202AD0250015D1B6 /* LaunchScreen.storyboard */ = {
			isa = PBXVariantGroup;
			children = (
				88AA74DB202AD0250015D1B6 /* Base */,
			);
			name = LaunchScreen.storyboard;
			sourceTree = "<group>";
		};
/* End PBXVariantGroup section */

/* Begin XCBuildConfiguration section */
		88AA74E0202AD0250015D1B6 /* Debug */ = {
			isa = XCBuildConfiguration;
			buildSettings = {
				ALWAYS_SEARCH_USER_PATHS = NO;
				CLANG_ANALYZER_NONNULL = YES;
				CLANG_ANALYZER_NUMBER_OBJECT_CONVERSION = YES_AGGRESSIVE;
				CLANG_CXX_LANGUAGE_STANDARD = "gnu++14";
				CLANG_CXX_LIBRARY = "libc++";
				CLANG_ENABLE_MODULES = YES;
				CLANG_ENABLE_OBJC_ARC = YES;
				CLANG_WARN_BLOCK_CAPTURE_AUTORELEASING = YES;
				CLANG_WARN_BOOL_CONVERSION = YES;
				CLANG_WARN_COMMA = YES;
				CLANG_WARN_CONSTANT_CONVERSION = YES;
				CLANG_WARN_DIRECT_OBJC_ISA_USAGE = YES_ERROR;
				CLANG_WARN_DOCUMENTATION_COMMENTS = YES;
				CLANG_WARN_EMPTY_BODY = YES;
				CLANG_WARN_ENUM_CONVERSION = YES;
				CLANG_WARN_INFINITE_RECURSION = YES;
				CLANG_WARN_INT_CONVERSION = YES;
				CLANG_WARN_NON_LITERAL_NULL_CONVERSION = YES;
				CLANG_WARN_OBJC_LITERAL_CONVERSION = YES;
				CLANG_WARN_OBJC_ROOT_CLASS = YES_ERROR;
				CLANG_WARN_RANGE_LOOP_ANALYSIS = YES;
				CLANG_WARN_STRICT_PROTOTYPES = YES;
				CLANG_WARN_SUSPICIOUS_MOVE = YES;
				CLANG_WARN_UNGUARDED_AVAILABILITY = YES_AGGRESSIVE;
				CLANG_WARN_UNREACHABLE_CODE = YES;
				CLANG_WARN__DUPLICATE_METHOD_MATCH = YES;
				CODE_SIGN_IDENTITY = "iPhone Developer";
				COPY_PHASE_STRIP = NO;
				DEBUG_INFORMATION_FORMAT = dwarf;
				ENABLE_STRICT_OBJC_MSGSEND = YES;
				ENABLE_TESTABILITY = YES;
				GCC_C_LANGUAGE_STANDARD = gnu11;
				GCC_DYNAMIC_NO_PIC = NO;
				GCC_NO_COMMON_BLOCKS = YES;
				GCC_OPTIMIZATION_LEVEL = 0;
				GCC_PREPROCESSOR_DEFINITIONS = (
					"DEBUG=1",
					"$(inherited)",
				);
				GCC_WARN_64_TO_32_BIT_CONVERSION = YES;
				GCC_WARN_ABOUT_RETURN_TYPE = YES_ERROR;
				GCC_WARN_UNDECLARED_SELECTOR = YES;
				GCC_WARN_UNINITIALIZED_AUTOS = YES_AGGRESSIVE;
				GCC_WARN_UNUSED_FUNCTION = YES;
				GCC_WARN_UNUSED_VARIABLE = YES;
				IPHONEOS_DEPLOYMENT_TARGET = 11.1;
				MTL_ENABLE_DEBUG_INFO = YES;
				ONLY_ACTIVE_ARCH = YES;
				SDKROOT = iphoneos;
			};
			name = Debug;
		};
		88AA74E1202AD0250015D1B6 /* Release */ = {
			isa = XCBuildConfiguration;
			buildSettings = {
				ALWAYS_SEARCH_USER_PATHS = NO;
				CLANG_ANALYZER_NONNULL = YES;
				CLANG_ANALYZER_NUMBER_OBJECT_CONVERSION = YES_AGGRESSIVE;
				CLANG_CXX_LANGUAGE_STANDARD = "gnu++14";
				CLANG_CXX_LIBRARY = "libc++";
				CLANG_ENABLE_MODULES = YES;
				CLANG_ENABLE_OBJC_ARC = YES;
				CLANG_WARN_BLOCK_CAPTURE_AUTORELEASING = YES;
				CLANG_WARN_BOOL_CONVERSION = YES;
				CLANG_WARN_COMMA = YES;
				CLANG_WARN_CONSTANT_CONVERSION = YES;
				CLANG_WARN_DIRECT_OBJC_ISA_USAGE = YES_ERROR;
				CLANG_WARN_DOCUMENTATION_COMMENTS = YES;
				CLANG_WARN_EMPTY_BODY = YES;
				CLANG_WARN_ENUM_CONVERSION = YES;
				CLANG_WARN_INFINITE_RECURSION = YES;
				CLANG_WARN_INT_CONVERSION = YES;
				CLANG_WARN_NON_LITERAL_NULL_CONVERSION = YES;
				CLANG_WARN_OBJC_LITERAL_CONVERSION = YES;
				CLANG_WARN_OBJC_ROOT_CLASS = YES_ERROR;
				CLANG_WARN_RANGE_LOOP_ANALYSIS = YES;
				CLANG_WARN_STRICT_PROTOTYPES = YES;
				CLANG_WARN_SUSPICIOUS_MOVE = YES;
				CLANG_WARN_UNGUARDED_AVAILABILITY = YES_AGGRESSIVE;
				CLANG_WARN_UNREACHABLE_CODE = YES;
				CLANG_WARN__DUPLICATE_METHOD_MATCH = YES;
				CODE_SIGN_IDENTITY = "iPhone Developer";
				COPY_PHASE_STRIP = NO;
				DEBUG_INFORMATION_FORMAT = "dwarf-with-dsym";
				ENABLE_NS_ASSERTIONS = NO;
				ENABLE_STRICT_OBJC_MSGSEND = YES;
				GCC_C_LANGUAGE_STANDARD = gnu11;
				GCC_NO_COMMON_BLOCKS = YES;
				GCC_WARN_64_TO_32_BIT_CONVERSION = YES;
				GCC_WARN_ABOUT_RETURN_TYPE = YES_ERROR;
				GCC_WARN_UNDECLARED_SELECTOR = YES;
				GCC_WARN_UNINITIALIZED_AUTOS = YES_AGGRESSIVE;
				GCC_WARN_UNUSED_FUNCTION = YES;
				GCC_WARN_UNUSED_VARIABLE = YES;
				IPHONEOS_DEPLOYMENT_TARGET = 11.1;
				MTL_ENABLE_DEBUG_INFO = NO;
				SDKROOT = iphoneos;
				VALIDATE_PRODUCT = YES;
			};
			name = Release;
		};
		88AA74E3202AD0250015D1B6 /* Debug */ = {
			isa = XCBuildConfiguration;
			buildSettings = {
				ASSETCATALOG_COMPILER_APPICON_NAME = AppIcon;
				CODE_SIGN_STYLE = Automatic;
				INFOPLIST_FILE = NewsHD/Info.plist;
				LD_RUNPATH_SEARCH_PATHS = "$(inherited) @executable_path/Frameworks";
				PRODUCT_BUNDLE_IDENTIFIER = com.yonyou.princemei.NewsHD;
				PRODUCT_NAME = "$(TARGET_NAME)";
				TARGETED_DEVICE_FAMILY = "1,2";
			};
			name = Debug;
		};
		88AA74E4202AD0250015D1B6 /* Release */ = {
			isa = XCBuildConfiguration;
			buildSettings = {
				ASSETCATALOG_COMPILER_APPICON_NAME = AppIcon;
				CODE_SIGN_STYLE = Automatic;
				INFOPLIST_FILE = NewsHD/Info.plist;
				LD_RUNPATH_SEARCH_PATHS = "$(inherited) @executable_path/Frameworks";
				PRODUCT_BUNDLE_IDENTIFIER = com.yonyou.princemei.NewsHD;
				PRODUCT_NAME = "$(TARGET_NAME)";
				TARGETED_DEVICE_FAMILY = "1,2";
			};
			name = Release;
		};
/* End XCBuildConfiguration section */

/* Begin XCConfigurationList section */
		88AA74C7202AD0250015D1B6 /* Build configuration list for PBXProject "NewsHD" */ = {
			isa = XCConfigurationList;
			buildConfigurations = (
				88AA74E0202AD0250015D1B6 /* Debug */,
				88AA74E1202AD0250015D1B6 /* Release */,
			);
			defaultConfigurationIsVisible = 0;
			defaultConfigurationName = Release;
		};
		88AA74E2202AD0250015D1B6 /* Build configuration list for PBXNativeTarget "NewsHD" */ = {
			isa = XCConfigurationList;
			buildConfigurations = (
				88AA74E3202AD0250015D1B6 /* Debug */,
				88AA74E4202AD0250015D1B6 /* Release */,
			);
			defaultConfigurationIsVisible = 0;
			defaultConfigurationName = Release;
		};
/* End XCConfigurationList section */
	};
	rootObject = 88AA74C4202AD0250015D1B6 /* Project object */;
}
